
Microsoft Visual Studio Solution File, Format Version 12.00
# Visual Studio Version 17
VisualStudioVersion = 17.0.32014.148
MinimumVisualStudioVersion = 10.0.40219.1
Project("{9A19103F-16F7-4668-BE54-9A1E7A4F7556}") = "ChatClient", "ChatClient\ChatClient.csproj", "{1AF96122-5611-4852-94C8-5DFCDA207F4D}"
EndProject
Project("{9A19103F-16F7-4668-BE54-9A1E7A4F7556}") = "View", "..\View\View.csproj", "{58892B4C-0C35-4656-8277-6AD41C3775E1}"
EndProject
Project("{9A19103F-16F7-4668-BE54-9A1E7A4F7556}") = "Model", "..\Model\Model.csproj", "{3AAB1EBF-738F-40E1-BD8E-C53FA4E05787}"
EndProject
Project("{9A19103F-16F7-4668-BE54-9A1E7A4F7556}") = "ViewModel", "..\ViewModel\ViewModel.csproj", "{32B0A308-581E-491D-8B39-B92F152505B4}"
EndProject
Project("{FAE04EC0-301F-11D3-BF4B-00C04F79EFBC}") = "ChatWebServer", "..\ChatWebServer\ChatWebServer.csproj", "{1CE92CFA-8078-46F0-B88C-837680FF63AA}"
EndProject
Global
	GlobalSection(SolutionConfigurationPlatforms) = preSolution
		Debug|Any CPU = Debug|Any CPU
		Release|Any CPU = Release|Any CPU
	EndGlobalSection
	GlobalSection(ProjectConfigurationPlatforms) = postSolution
		{1AF96122-5611-4852-94C8-5DFCDA207F4D}.Debug|Any CPU.ActiveCfg = Debug|Any CPU
		{1AF96122-5611-4852-94C8-5DFCDA207F4D}.Debug|Any CPU.Build.0 = Debug|Any CPU
		{1AF96122-5611-4852-94C8-5DFCDA207F4D}.Release|Any CPU.ActiveCfg = Release|Any CPU
		{1AF96122-5611-4852-94C8-5DFCDA207F4D}.Release|Any CPU.Build.0 = Release|Any CPU
		{58892B4C-0C35-4656-8277-6AD41C3775E1}.Debug|Any CPU.ActiveCfg = Debug|Any CPU
		{58892B4C-0C35-4656-8277-6AD41C3775E1}.Debug|Any CPU.Build.0 = Debug|Any CPU
		{58892B4C-0C35-4656-8277-6AD41C3775E1}.Release|Any CPU.ActiveCfg = Release|Any CPU
		{58892B4C-0C35-4656-8277-6AD41C3775E1}.Release|Any CPU.Build.0 = Release|Any CPU
		{3AAB1EBF-738F-40E1-BD8E-C53FA4E05787}.Debug|Any CPU.ActiveCfg = Debug|Any CPU
		{3AAB1EBF-738F-40E1-BD8E-C53FA4E05787}.Debug|Any CPU.Build.0 = Debug|Any CPU
		{3AAB1EBF-738F-40E1-BD8E-C53FA4E05787}.Release|Any CPU.ActiveCfg = Release|Any CPU
		{3AAB1EBF-738F-40E1-BD8E-C53FA4E05787}.Release|Any CPU.Build.0 = Release|Any CPU
		{32B0A308-581E-491D-8B39-B92F152505B4}.Debug|Any CPU.ActiveCfg = Debug|Any CPU
		{32B0A308-581E-491D-8B39-B92F152505B4}.Debug|Any CPU.Build.0 = Debug|Any CPU
		{32B0A308-581E-491D-8B39-B92F152505B4}.Release|Any CPU.ActiveCfg = Release|Any CPU
		{32B0A308-581E-491D-8B39-B92F152505B4}.Release|Any CPU.Build.0 = Release|Any CPU
		{1CE92CFA-8078-46F0-B88C-837680FF63AA}.Debug|Any CPU.ActiveCfg = Debug|Any CPU
		{1CE92CFA-8078-46F0-B88C-837680FF63AA}.Debug|Any CPU.Build.0 = Debug|Any CPU
		{1CE92CFA-8078-46F0-B88C-837680FF63AA}.Release|Any CPU.ActiveCfg = Release|Any CPU
		{1CE92CFA-8078-46F0-B88C-837680FF63AA}.Release|Any CPU.Build.0 = Release|Any CPU
	EndGlobalSection
	GlobalSection(SolutionProperties) = preSolution
		HideSolutionNode = FALSE
	EndGlobalSection
	GlobalSection(ExtensibilityGlobals) = postSolution
		SolutionGuid = {131118E4-97E7-486C-8025-D528B4C02581}
	EndGlobalSection
EndGlobal
