
Microsoft Visual Studio Solution File, Format Version 12.00
# Visual Studio Version 17
VisualStudioVersion = 17.0.32014.148
MinimumVisualStudioVersion = 10.0.40219.1
Project("{FAE04EC0-301F-11D3-BF4B-00C04F79EFBC}") = "ChatClient", "ChatClient\ChatClient.csproj", "{1AF96122-5611-4852-94C8-5DFCDA207F4D}"
EndProject
Project("{FAE04EC0-301F-11D3-BF4B-00C04F79EFBC}") = "View", "..\View\View.csproj", "{58892B4C-0C35-4656-8277-6AD41C3775E1}"
EndProject
Project("{FAE04EC0-301F-11D3-BF4B-00C04F79EFBC}") = "Model", "..\Model\Model.csproj", "{3AAB1EBF-738F-40E1-BD8E-C53FA4E05787}"
EndProject
Project("{FAE04EC0-301F-11D3-BF4B-00C04F79EFBC}") = "ViewModel", "..\ViewModel\ViewModel.csproj", "{8509A943-F121-4D7F-B73B-F6E88498C275}"
EndProject
Global
	GlobalSection(SolutionConfigurationPlatforms) = preSolution
		Debug|Any CPU = Debug|Any CPU
		Release|Any CPU = Release|Any CPU
	EndGlobalSection
	GlobalSection(ProjectConfigurationPlatforms) = postSolution
		{1AF96122-5611-4852-94C8-5DFCDA207F4D}.Debug|Any CPU.ActiveCfg = Debug|Any CPU
		{1AF96122-5611-4852-94C8-5DFCDA207F4D}.Debug|Any CPU.Build.0 = Debug|Any CPU
		{1AF96122-5611-4852-94C8-5DFCDA207F4D}.Release|Any CPU.ActiveCfg = Release|Any CPU
		{1AF96122-5611-4852-94C8-5DFCDA207F4D}.Release|Any CPU.Build.0 = Release|Any CPU
		{58892B4C-0C35-4656-8277-6AD41C3775E1}.Debug|Any CPU.ActiveCfg = Debug|Any CPU
		{58892B4C-0C35-4656-8277-6AD41C3775E1}.Debug|Any CPU.Build.0 = Debug|Any CPU
		{58892B4C-0C35-4656-8277-6AD41C3775E1}.Release|Any CPU.ActiveCfg = Release|Any CPU
		{58892B4C-0C35-4656-8277-6AD41C3775E1}.Release|Any CPU.Build.0 = Release|Any CPU
		{3AAB1EBF-738F-40E1-BD8E-C53FA4E05787}.Debug|Any CPU.ActiveCfg = Debug|Any CPU
		{3AAB1EBF-738F-40E1-BD8E-C53FA4E05787}.Debug|Any CPU.Build.0 = Debug|Any CPU
		{3AAB1EBF-738F-40E1-BD8E-C53FA4E05787}.Release|Any CPU.ActiveCfg = Release|Any CPU
		{3AAB1EBF-738F-40E1-BD8E-C53FA4E05787}.Release|Any CPU.Build.0 = Release|Any CPU
		{8509A943-F121-4D7F-B73B-F6E88498C275}.Debug|Any CPU.ActiveCfg = Debug|Any CPU
		{8509A943-F121-4D7F-B73B-F6E88498C275}.Debug|Any CPU.Build.0 = Debug|Any CPU
		{8509A943-F121-4D7F-B73B-F6E88498C275}.Release|Any CPU.ActiveCfg = Release|Any CPU
		{8509A943-F121-4D7F-B73B-F6E88498C275}.Release|Any CPU.Build.0 = Release|Any CPU
	EndGlobalSection
	GlobalSection(SolutionProperties) = preSolution
		HideSolutionNode = FALSE
	EndGlobalSection
	GlobalSection(ExtensibilityGlobals) = postSolution
		SolutionGuid = {131118E4-97E7-486C-8025-D528B4C02581}
	EndGlobalSection
EndGlobal
